// !$*UTF8*$!
{
	archiveVersion = 1;
	classes = {
	};
	objectVersion = 46;
	objects = {

/* Begin PBXBuildFile section */
		12EFD2E81E15F57400020B59 /* main.m in Sources */ = {isa = PBXBuildFile; fileRef = 12EFD2E71E15F57400020B59 /* main.m */; };
		12EFD2EB1E15F57400020B59 /* AppDelegate.m in Sources */ = {isa = PBXBuildFile; fileRef = 12EFD2EA1E15F57400020B59 /* AppDelegate.m */; };
		12EFD2EE1E15F57400020B59 /* ViewController.m in Sources */ = {isa = PBXBuildFile; fileRef = 12EFD2ED1E15F57400020B59 /* ViewController.m */; };
		12EFD2F11E15F57400020B59 /* Main.storyboard in Resources */ = {isa = PBXBuildFile; fileRef = 12EFD2EF1E15F57400020B59 /* Main.storyboard */; };
		12EFD2F31E15F57400020B59 /* Assets.xcassets in Resources */ = {isa = PBXBuildFile; fileRef = 12EFD2F21E15F57400020B59 /* Assets.xcassets */; };
		12EFD2F61E15F57400020B59 /* LaunchScreen.storyboard in Resources */ = {isa = PBXBuildFile; fileRef = 12EFD2F41E15F57400020B59 /* LaunchScreen.storyboard */; };
		12EFD3001E15F6B800020B59 /* TimeCardView.m in Sources */ = {isa = PBXBuildFile; fileRef = 12EFD2FF1E15F6B800020B59 /* TimeCardView.m */; };
		12EFD3031E15F74600020B59 /* MainView.m in Sources */ = {isa = PBXBuildFile; fileRef = 12EFD3021E15F74600020B59 /* MainView.m */; };
		12EFD3061E15F8DC00020B59 /* Person.m in Sources */ = {isa = PBXBuildFile; fileRef = 12EFD3051E15F8DC00020B59 /* Person.m */; };
		12EFD30C1E15FD9A00020B59 /* NSDate+Category.m in Sources */ = {isa = PBXBuildFile; fileRef = 12EFD30B1E15FD9A00020B59 /* NSDate+Category.m */; };
		12EFD3231E1633BC00020B59 /* 1.jpg in Resources */ = {isa = PBXBuildFile; fileRef = 12EFD30E1E1633BC00020B59 /* 1.jpg */; };
		12EFD3241E1633BC00020B59 /* 2.jpg in Resources */ = {isa = PBXBuildFile; fileRef = 12EFD30F1E1633BC00020B59 /* 2.jpg */; };
		12EFD3251E1633BC00020B59 /* 3.jpg in Resources */ = {isa = PBXBuildFile; fileRef = 12EFD3101E1633BC00020B59 /* 3.jpg */; };
		12EFD3261E1633BC00020B59 /* 4.jpg in Resources */ = {isa = PBXBuildFile; fileRef = 12EFD3111E1633BC00020B59 /* 4.jpg */; };
		12EFD3271E1633BC00020B59 /* 5.jpg in Resources */ = {isa = PBXBuildFile; fileRef = 12EFD3121E1633BC00020B59 /* 5.jpg */; };
		12EFD3281E1633BC00020B59 /* 6.jpg in Resources */ = {isa = PBXBuildFile; fileRef = 12EFD3131E1633BC00020B59 /* 6.jpg */; };
		12EFD3291E1633BC00020B59 /* 7.jpg in Resources */ = {isa = PBXBuildFile; fileRef = 12EFD3141E1633BC00020B59 /* 7.jpg */; };
		12EFD32A1E1633BC00020B59 /* 8.jpg in Resources */ = {isa = PBXBuildFile; fileRef = 12EFD3151E1633BC00020B59 /* 8.jpg */; };
		12EFD32B1E1633BC00020B59 /* 9.jpg in Resources */ = {isa = PBXBuildFile; fileRef = 12EFD3161E1633BC00020B59 /* 9.jpg */; };
		12EFD32C1E1633BC00020B59 /* 10.jpeg in Resources */ = {isa = PBXBuildFile; fileRef = 12EFD3171E1633BC00020B59 /* 10.jpeg */; };
		12EFD32D1E1633BC00020B59 /* 11.jpg in Resources */ = {isa = PBXBuildFile; fileRef = 12EFD3181E1633BC00020B59 /* 11.jpg */; };
		12EFD32E1E1633BC00020B59 /* 12.jpg in Resources */ = {isa = PBXBuildFile; fileRef = 12EFD3191E1633BC00020B59 /* 12.jpg */; };
		12EFD32F1E1633BC00020B59 /* 13.jpg in Resources */ = {isa = PBXBuildFile; fileRef = 12EFD31A1E1633BC00020B59 /* 13.jpg */; };
		12EFD3301E1633BC00020B59 /* 14.jpg in Resources */ = {isa = PBXBuildFile; fileRef = 12EFD31B1E1633BC00020B59 /* 14.jpg */; };
		12EFD3311E1633BC00020B59 /* 15.jpg in Resources */ = {isa = PBXBuildFile; fileRef = 12EFD31C1E1633BC00020B59 /* 15.jpg */; };
		12EFD3321E1633BC00020B59 /* 16.jpg in Resources */ = {isa = PBXBuildFile; fileRef = 12EFD31D1E1633BC00020B59 /* 16.jpg */; };
		12EFD3331E1633BC00020B59 /* 17.jpg in Resources */ = {isa = PBXBuildFile; fileRef = 12EFD31E1E1633BC00020B59 /* 17.jpg */; };
		12EFD3341E1633BC00020B59 /* 18.jpg in Resources */ = {isa = PBXBuildFile; fileRef = 12EFD31F1E1633BC00020B59 /* 18.jpg */; };
		12EFD3351E1633BC00020B59 /* 19.jpg in Resources */ = {isa = PBXBuildFile; fileRef = 12EFD3201E1633BC00020B59 /* 19.jpg */; };
		12EFD3361E1633BC00020B59 /* 20.jpg in Resources */ = {isa = PBXBuildFile; fileRef = 12EFD3211E1633BC00020B59 /* 20.jpg */; };
		12EFD3371E1633BC00020B59 /* 21.jpg in Resources */ = {isa = PBXBuildFile; fileRef = 12EFD3221E1633BC00020B59 /* 21.jpg */; };
		A0ACAE96F7024B7EB17E732B /* libPods-DD.a in Frameworks */ = {isa = PBXBuildFile; fileRef = 6DA94A1AC8306319E42FE18E /* libPods-DD.a */; };
/* End PBXBuildFile section */

/* Begin PBXFileReference section */
		12EFD2E31E15F57400020B59 /* DD.app */ = {isa = PBXFileReference; explicitFileType = wrapper.application; includeInIndex = 0; path = DD.app; sourceTree = BUILT_PRODUCTS_DIR; };
		12EFD2E71E15F57400020B59 /* main.m */ = {isa = PBXFileReference; lastKnownFileType = sourcecode.c.objc; path = main.m; sourceTree = "<group>"; };
		12EFD2E91E15F57400020B59 /* AppDelegate.h */ = {isa = PBXFileReference; lastKnownFileType = sourcecode.c.h; path = AppDelegate.h; sourceTree = "<group>"; };
		12EFD2EA1E15F57400020B59 /* AppDelegate.m */ = {isa = PBXFileReference; lastKnownFileType = sourcecode.c.objc; path = AppDelegate.m; sourceTree = "<group>"; };
		12EFD2EC1E15F57400020B59 /* ViewController.h */ = {isa = PBXFileReference; lastKnownFileType = sourcecode.c.h; path = ViewController.h; sourceTree = "<group>"; };
		12EFD2ED1E15F57400020B59 /* ViewController.m */ = {isa = PBXFileReference; lastKnownFileType = sourcecode.c.objc; path = ViewController.m; sourceTree = "<group>"; };
		12EFD2F01E15F57400020B59 /* Base */ = {isa = PBXFileReference; lastKnownFileType = file.storyboard; name = Base; path = Base.lproj/Main.storyboard; sourceTree = "<group>"; };
		12EFD2F21E15F57400020B59 /* Assets.xcassets */ = {isa = PBXFileReference; lastKnownFileType = folder.assetcatalog; path = Assets.xcassets; sourceTree = "<group>"; };
		12EFD2F51E15F57400020B59 /* Base */ = {isa = PBXFileReference; lastKnownFileType = file.storyboard; name = Base; path = Base.lproj/LaunchScreen.storyboard; sourceTree = "<group>"; };
		12EFD2F71E15F57400020B59 /* Info.plist */ = {isa = PBXFileReference; lastKnownFileType = text.plist.xml; path = Info.plist; sourceTree = "<group>"; };
		12EFD2FE1E15F6B800020B59 /* TimeCardView.h */ = {isa = PBXFileReference; fileEncoding = 4; lastKnownFileType = sourcecode.c.h; path = TimeCardView.h; sourceTree = "<group>"; };
		12EFD2FF1E15F6B800020B59 /* TimeCardView.m */ = {isa = PBXFileReference; fileEncoding = 4; lastKnownFileType = sourcecode.c.objc; path = TimeCardView.m; sourceTree = "<group>"; };
		12EFD3011E15F74600020B59 /* MainView.h */ = {isa = PBXFileReference; fileEncoding = 4; lastKnownFileType = sourcecode.c.h; path = MainView.h; sourceTree = "<group>"; };
		12EFD3021E15F74600020B59 /* MainView.m */ = {isa = PBXFileReference; fileEncoding = 4; lastKnownFileType = sourcecode.c.objc; path = MainView.m; sourceTree = "<group>"; };
		12EFD3041E15F8DC00020B59 /* Person.h */ = {isa = PBXFileReference; fileEncoding = 4; lastKnownFileType = sourcecode.c.h; path = Person.h; sourceTree = "<group>"; };
		12EFD3051E15F8DC00020B59 /* Person.m */ = {isa = PBXFileReference; fileEncoding = 4; lastKnownFileType = sourcecode.c.objc; path = Person.m; sourceTree = "<group>"; };
		12EFD3071E15FA1900020B59 /* KaoqinMacro.h */ = {isa = PBXFileReference; fileEncoding = 4; lastKnownFileType = sourcecode.c.h; path = KaoqinMacro.h; sourceTree = "<group>"; };
		12EFD30A1E15FD9A00020B59 /* NSDate+Category.h */ = {isa = PBXFileReference; fileEncoding = 4; lastKnownFileType = sourcecode.c.h; path = "NSDate+Category.h"; sourceTree = "<group>"; };
		12EFD30B1E15FD9A00020B59 /* NSDate+Category.m */ = {isa = PBXFileReference; fileEncoding = 4; lastKnownFileType = sourcecode.c.objc; path = "NSDate+Category.m"; sourceTree = "<group>"; };
		12EFD30E1E1633BC00020B59 /* 1.jpg */ = {isa = PBXFileReference; lastKnownFileType = image.jpeg; path = 1.jpg; sourceTree = "<group>"; };
		12EFD30F1E1633BC00020B59 /* 2.jpg */ = {isa = PBXFileReference; lastKnownFileType = image.jpeg; path = 2.jpg; sourceTree = "<group>"; };
		12EFD3101E1633BC00020B59 /* 3.jpg */ = {isa = PBXFileReference; lastKnownFileType = image.jpeg; path = 3.jpg; sourceTree = "<group>"; };
		12EFD3111E1633BC00020B59 /* 4.jpg */ = {isa = PBXFileReference; lastKnownFileType = image.jpeg; path = 4.jpg; sourceTree = "<group>"; };
		12EFD3121E1633BC00020B59 /* 5.jpg */ = {isa = PBXFileReference; lastKnownFileType = image.jpeg; path = 5.jpg; sourceTree = "<group>"; };
		12EFD3131E1633BC00020B59 /* 6.jpg */ = {isa = PBXFileReference; lastKnownFileType = image.jpeg; path = 6.jpg; sourceTree = "<group>"; };
		12EFD3141E1633BC00020B59 /* 7.jpg */ = {isa = PBXFileReference; lastKnownFileType = image.jpeg; path = 7.jpg; sourceTree = "<group>"; };
		12EFD3151E1633BC00020B59 /* 8.jpg */ = {isa = PBXFileReference; lastKnownFileType = image.jpeg; path = 8.jpg; sourceTree = "<group>"; };
		12EFD3161E1633BC00020B59 /* 9.jpg */ = {isa = PBXFileReference; lastKnownFileType = image.jpeg; path = 9.jpg; sourceTree = "<group>"; };
		12EFD3171E1633BC00020B59 /* 10.jpeg */ = {isa = PBXFileReference; lastKnownFileType = image.jpeg; path = 10.jpeg; sourceTree = "<group>"; };
		12EFD3181E1633BC00020B59 /* 11.jpg */ = {isa = PBXFileReference; lastKnownFileType = image.jpeg; path = 11.jpg; sourceTree = "<group>"; };
		12EFD3191E1633BC00020B59 /* 12.jpg */ = {isa = PBXFileReference; lastKnownFileType = image.jpeg; path = 12.jpg; sourceTree = "<group>"; };
		12EFD31A1E1633BC00020B59 /* 13.jpg */ = {isa = PBXFileReference; lastKnownFileType = image.jpeg; path = 13.jpg; sourceTree = "<group>"; };
		12EFD31B1E1633BC00020B59 /* 14.jpg */ = {isa = PBXFileReference; lastKnownFileType = image.jpeg; path = 14.jpg; sourceTree = "<group>"; };
		12EFD31C1E1633BC00020B59 /* 15.jpg */ = {isa = PBXFileReference; lastKnownFileType = image.jpeg; path = 15.jpg; sourceTree = "<group>"; };
		12EFD31D1E1633BC00020B59 /* 16.jpg */ = {isa = PBXFileReference; lastKnownFileType = image.jpeg; path = 16.jpg; sourceTree = "<group>"; };
		12EFD31E1E1633BC00020B59 /* 17.jpg */ = {isa = PBXFileReference; lastKnownFileType = image.jpeg; path = 17.jpg; sourceTree = "<group>"; };
		12EFD31F1E1633BC00020B59 /* 18.jpg */ = {isa = PBXFileReference; lastKnownFileType = image.jpeg; path = 18.jpg; sourceTree = "<group>"; };
		12EFD3201E1633BC00020B59 /* 19.jpg */ = {isa = PBXFileReference; lastKnownFileType = image.jpeg; path = 19.jpg; sourceTree = "<group>"; };
		12EFD3211E1633BC00020B59 /* 20.jpg */ = {isa = PBXFileReference; lastKnownFileType = image.jpeg; path = 20.jpg; sourceTree = "<group>"; };
		12EFD3221E1633BC00020B59 /* 21.jpg */ = {isa = PBXFileReference; lastKnownFileType = image.jpeg; path = 21.jpg; sourceTree = "<group>"; };
		6DA94A1AC8306319E42FE18E /* libPods-DD.a */ = {isa = PBXFileReference; explicitFileType = archive.ar; includeInIndex = 0; path = "libPods-DD.a"; sourceTree = BUILT_PRODUCTS_DIR; };
		F2D3E532D2F804F3A6373E6A /* Pods-DD.debug.xcconfig */ = {isa = PBXFileReference; includeInIndex = 1; lastKnownFileType = text.xcconfig; name = "Pods-DD.debug.xcconfig"; path = "Pods/Target Support Files/Pods-DD/Pods-DD.debug.xcconfig"; sourceTree = "<group>"; };
		F30076D75DEF55EC1D023559 /* Pods-DD.release.xcconfig */ = {isa = PBXFileReference; includeInIndex = 1; lastKnownFileType = text.xcconfig; name = "Pods-DD.release.xcconfig"; path = "Pods/Target Support Files/Pods-DD/Pods-DD.release.xcconfig"; sourceTree = "<group>"; };
/* End PBXFileReference section */

/* Begin PBXFrameworksBuildPhase section */
		12EFD2E01E15F57400020B59 /* Frameworks */ = {
			isa = PBXFrameworksBuildPhase;
			buildActionMask = 2147483647;
			files = (
				A0ACAE96F7024B7EB17E732B /* libPods-DD.a in Frameworks */,
			);
			runOnlyForDeploymentPostprocessing = 0;
		};
/* End PBXFrameworksBuildPhase section */

/* Begin PBXGroup section */
		0B1A901F4B12C888AF22FBE3 /* Pods */ = {
			isa = PBXGroup;
			children = (
				F2D3E532D2F804F3A6373E6A /* Pods-DD.debug.xcconfig */,
				F30076D75DEF55EC1D023559 /* Pods-DD.release.xcconfig */,
			);
			name = Pods;
			sourceTree = "<group>";
		};
		12EFD2DA1E15F57400020B59 = {
			isa = PBXGroup;
			children = (
				12EFD2E51E15F57400020B59 /* DD */,
				12EFD2E41E15F57400020B59 /* Products */,
				0B1A901F4B12C888AF22FBE3 /* Pods */,
				6FC596FF902E552A44234046 /* Frameworks */,
			);
			sourceTree = "<group>";
		};
		12EFD2E41E15F57400020B59 /* Products */ = {
			isa = PBXGroup;
			children = (
				12EFD2E31E15F57400020B59 /* DD.app */,
			);
			name = Products;
			sourceTree = "<group>";
		};
		12EFD2E51E15F57400020B59 /* DD */ = {
			isa = PBXGroup;
			children = (
				12EFD30D1E162D1800020B59 /* Images */,
				12EFD3081E15FD5400020B59 /* UI_Tools */,
				12EFD2FD1E15F65400020B59 /* SubViews */,
				12EFD2E91E15F57400020B59 /* AppDelegate.h */,
				12EFD2EA1E15F57400020B59 /* AppDelegate.m */,
				12EFD2EC1E15F57400020B59 /* ViewController.h */,
				12EFD2ED1E15F57400020B59 /* ViewController.m */,
				12EFD2EF1E15F57400020B59 /* Main.storyboard */,
				12EFD2F21E15F57400020B59 /* Assets.xcassets */,
				12EFD2F41E15F57400020B59 /* LaunchScreen.storyboard */,
				12EFD2F71E15F57400020B59 /* Info.plist */,
				12EFD2E61E15F57400020B59 /* Supporting Files */,
			);
			path = DD;
			sourceTree = "<group>";
		};
		12EFD2E61E15F57400020B59 /* Supporting Files */ = {
			isa = PBXGroup;
			children = (
				12EFD2E71E15F57400020B59 /* main.m */,
			);
			name = "Supporting Files";
			sourceTree = "<group>";
		};
		12EFD2FD1E15F65400020B59 /* SubViews */ = {
			isa = PBXGroup;
			children = (
				12EFD2FE1E15F6B800020B59 /* TimeCardView.h */,
				12EFD2FF1E15F6B800020B59 /* TimeCardView.m */,
				12EFD3011E15F74600020B59 /* MainView.h */,
				12EFD3021E15F74600020B59 /* MainView.m */,
				12EFD3041E15F8DC00020B59 /* Person.h */,
				12EFD3051E15F8DC00020B59 /* Person.m */,
				12EFD3071E15FA1900020B59 /* KaoqinMacro.h */,
			);
			path = SubViews;
			sourceTree = "<group>";
		};
		12EFD3081E15FD5400020B59 /* UI_Tools */ = {
			isa = PBXGroup;
			children = (
				12EFD3091E15FD6E00020B59 /* NSDate + Category */,
			);
			path = UI_Tools;
			sourceTree = "<group>";
		};
		12EFD3091E15FD6E00020B59 /* NSDate + Category */ = {
			isa = PBXGroup;
			children = (
				12EFD30A1E15FD9A00020B59 /* NSDate+Category.h */,
				12EFD30B1E15FD9A00020B59 /* NSDate+Category.m */,
			);
			path = "NSDate + Category";
			sourceTree = "<group>";
		};
		12EFD30D1E162D1800020B59 /* Images */ = {
			isa = PBXGroup;
			children = (
				12EFD30E1E1633BC00020B59 /* 1.jpg */,
				12EFD30F1E1633BC00020B59 /* 2.jpg */,
				12EFD3101E1633BC00020B59 /* 3.jpg */,
				12EFD3111E1633BC00020B59 /* 4.jpg */,
				12EFD3121E1633BC00020B59 /* 5.jpg */,
				12EFD3131E1633BC00020B59 /* 6.jpg */,
				12EFD3141E1633BC00020B59 /* 7.jpg */,
				12EFD3151E1633BC00020B59 /* 8.jpg */,
				12EFD3161E1633BC00020B59 /* 9.jpg */,
				12EFD3171E1633BC00020B59 /* 10.jpeg */,
				12EFD3181E1633BC00020B59 /* 11.jpg */,
				12EFD3191E1633BC00020B59 /* 12.jpg */,
				12EFD31A1E1633BC00020B59 /* 13.jpg */,
				12EFD31B1E1633BC00020B59 /* 14.jpg */,
				12EFD31C1E1633BC00020B59 /* 15.jpg */,
				12EFD31D1E1633BC00020B59 /* 16.jpg */,
				12EFD31E1E1633BC00020B59 /* 17.jpg */,
				12EFD31F1E1633BC00020B59 /* 18.jpg */,
				12EFD3201E1633BC00020B59 /* 19.jpg */,
				12EFD3211E1633BC00020B59 /* 20.jpg */,
				12EFD3221E1633BC00020B59 /* 21.jpg */,
			);
			path = Images;
			sourceTree = "<group>";
		};
		6FC596FF902E552A44234046 /* Frameworks */ = {
			isa = PBXGroup;
			children = (
				6DA94A1AC8306319E42FE18E /* libPods-DD.a */,
			);
			name = Frameworks;
			sourceTree = "<group>";
		};
/* End PBXGroup section */

/* Begin PBXNativeTarget section */
		12EFD2E21E15F57400020B59 /* DD */ = {
			isa = PBXNativeTarget;
			buildConfigurationList = 12EFD2FA1E15F57400020B59 /* Build configuration list for PBXNativeTarget "DD" */;
			buildPhases = (
				CB60EA6238D1ADA1742ED67E /* [CP] Check Pods Manifest.lock */,
				12EFD2DF1E15F57400020B59 /* Sources */,
				12EFD2E01E15F57400020B59 /* Frameworks */,
				12EFD2E11E15F57400020B59 /* Resources */,
				495A51C12FC151ED15CC8F56 /* [CP] Embed Pods Frameworks */,
				B86000C1E2E87EE95ED4D3D5 /* [CP] Copy Pods Resources */,
			);
			buildRules = (
			);
			dependencies = (
			);
			name = DD;
			productName = DD;
			productReference = 12EFD2E31E15F57400020B59 /* DD.app */;
			productType = "com.apple.product-type.application";
		};
/* End PBXNativeTarget section */

/* Begin PBXProject section */
		12EFD2DB1E15F57400020B59 /* Project object */ = {
			isa = PBXProject;
			attributes = {
				LastUpgradeCheck = 0820;
				ORGANIZATIONNAME = YXT;
				TargetAttributes = {
					12EFD2E21E15F57400020B59 = {
						CreatedOnToolsVersion = 8.2.1;
						DevelopmentTeam = T6R7E23BTG;
						ProvisioningStyle = Automatic;
					};
				};
			};
			buildConfigurationList = 12EFD2DE1E15F57400020B59 /* Build configuration list for PBXProject "DD" */;
			compatibilityVersion = "Xcode 3.2";
			developmentRegion = English;
			hasScannedForEncodings = 0;
			knownRegions = (
				en,
				Base,
			);
			mainGroup = 12EFD2DA1E15F57400020B59;
			productRefGroup = 12EFD2E41E15F57400020B59 /* Products */;
			projectDirPath = "";
			projectRoot = "";
			targets = (
				12EFD2E21E15F57400020B59 /* DD */,
			);
		};
/* End PBXProject section */

/* Begin PBXResourcesBuildPhase section */
		12EFD2E11E15F57400020B59 /* Resources */ = {
			isa = PBXResourcesBuildPhase;
			buildActionMask = 2147483647;
			files = (
				12EFD32A1E1633BC00020B59 /* 8.jpg in Resources */,
				12EFD3281E1633BC00020B59 /* 6.jpg in Resources */,
				12EFD3361E1633BC00020B59 /* 20.jpg in Resources */,
				12EFD2F61E15F57400020B59 /* LaunchScreen.storyboard in Resources */,
				12EFD3271E1633BC00020B59 /* 5.jpg in Resources */,
				12EFD3261E1633BC00020B59 /* 4.jpg in Resources */,
				12EFD3341E1633BC00020B59 /* 18.jpg in Resources */,
				12EFD3331E1633BC00020B59 /* 17.jpg in Resources */,
				12EFD32E1E1633BC00020B59 /* 12.jpg in Resources */,
				12EFD32D1E1633BC00020B59 /* 11.jpg in Resources */,
				12EFD3351E1633BC00020B59 /* 19.jpg in Resources */,
				12EFD3231E1633BC00020B59 /* 1.jpg in Resources */,
				12EFD3301E1633BC00020B59 /* 14.jpg in Resources */,
				12EFD3241E1633BC00020B59 /* 2.jpg in Resources */,
				12EFD32F1E1633BC00020B59 /* 13.jpg in Resources */,
				12EFD3251E1633BC00020B59 /* 3.jpg in Resources */,
				12EFD3371E1633BC00020B59 /* 21.jpg in Resources */,
				12EFD32C1E1633BC00020B59 /* 10.jpeg in Resources */,
				12EFD3291E1633BC00020B59 /* 7.jpg in Resources */,
				12EFD32B1E1633BC00020B59 /* 9.jpg in Resources */,
				12EFD2F31E15F57400020B59 /* Assets.xcassets in Resources */,
				12EFD3321E1633BC00020B59 /* 16.jpg in Resources */,
				12EFD2F11E15F57400020B59 /* Main.storyboard in Resources */,
				12EFD3311E1633BC00020B59 /* 15.jpg in Resources */,
			);
			runOnlyForDeploymentPostprocessing = 0;
		};
/* End PBXResourcesBuildPhase section */

/* Begin PBXShellScriptBuildPhase section */
		495A51C12FC151ED15CC8F56 /* [CP] Embed Pods Frameworks */ = {
			isa = PBXShellScriptBuildPhase;
			buildActionMask = 2147483647;
			files = (
			);
			inputPaths = (
			);
			name = "[CP] Embed Pods Frameworks";
			outputPaths = (
			);
			runOnlyForDeploymentPostprocessing = 0;
			shellPath = /bin/sh;
			shellScript = "\"${SRCROOT}/Pods/Target Support Files/Pods-DD/Pods-DD-frameworks.sh\"\n";
			showEnvVarsInLog = 0;
		};
		B86000C1E2E87EE95ED4D3D5 /* [CP] Copy Pods Resources */ = {
			isa = PBXShellScriptBuildPhase;
			buildActionMask = 2147483647;
			files = (
			);
			inputPaths = (
			);
			name = "[CP] Copy Pods Resources";
			outputPaths = (
			);
			runOnlyForDeploymentPostprocessing = 0;
			shellPath = /bin/sh;
			shellScript = "\"${SRCROOT}/Pods/Target Support Files/Pods-DD/Pods-DD-resources.sh\"\n";
			showEnvVarsInLog = 0;
		};
		CB60EA6238D1ADA1742ED67E /* [CP] Check Pods Manifest.lock */ = {
			isa = PBXShellScriptBuildPhase;
			buildActionMask = 2147483647;
			files = (
			);
			inputPaths = (
			);
			name = "[CP] Check Pods Manifest.lock";
			outputPaths = (
			);
			runOnlyForDeploymentPostprocessing = 0;
			shellPath = /bin/sh;
			shellScript = "diff \"${PODS_ROOT}/../Podfile.lock\" \"${PODS_ROOT}/Manifest.lock\" > /dev/null\nif [ $? != 0 ] ; then\n    # print error to STDERR\n    echo \"error: The sandbox is not in sync with the Podfile.lock. Run 'pod install' or update your CocoaPods installation.\" >&2\n    exit 1\nfi\n";
			showEnvVarsInLog = 0;
		};
/* End PBXShellScriptBuildPhase section */

/* Begin PBXSourcesBuildPhase section */
		12EFD2DF1E15F57400020B59 /* Sources */ = {
			isa = PBXSourcesBuildPhase;
			buildActionMask = 2147483647;
			files = (
				12EFD3061E15F8DC00020B59 /* Person.m in Sources */,
				12EFD3031E15F74600020B59 /* MainView.m in Sources */,
				12EFD30C1E15FD9A00020B59 /* NSDate+Category.m in Sources */,
				12EFD2EE1E15F57400020B59 /* ViewController.m in Sources */,
				12EFD3001E15F6B800020B59 /* TimeCardView.m in Sources */,
				12EFD2EB1E15F57400020B59 /* AppDelegate.m in Sources */,
				12EFD2E81E15F57400020B59 /* main.m in Sources */,
			);
			runOnlyForDeploymentPostprocessing = 0;
		};
/* End PBXSourcesBuildPhase section */

/* Begin PBXVariantGroup section */
		12EFD2EF1E15F57400020B59 /* Main.storyboard */ = {
			isa = PBXVariantGroup;
			children = (
				12EFD2F01E15F57400020B59 /* Base */,
			);
			name = Main.storyboard;
			sourceTree = "<group>";
		};
		12EFD2F41E15F57400020B59 /* LaunchScreen.storyboard */ = {
			isa = PBXVariantGroup;
			children = (
				12EFD2F51E15F57400020B59 /* Base */,
			);
			name = LaunchScreen.storyboard;
			sourceTree = "<group>";
		};
/* End PBXVariantGroup section */

/* Begin XCBuildConfiguration section */
		12EFD2F81E15F57400020B59 /* Debug */ = {
			isa = XCBuildConfiguration;
			buildSettings = {
				ALWAYS_SEARCH_USER_PATHS = NO;
				CLANG_ANALYZER_NONNULL = YES;
				CLANG_CXX_LANGUAGE_STANDARD = "gnu++0x";
				CLANG_CXX_LIBRARY = "libc++";
				CLANG_ENABLE_MODULES = YES;
				CLANG_ENABLE_OBJC_ARC = YES;
				CLANG_WARN_BOOL_CONVERSION = YES;
				CLANG_WARN_CONSTANT_CONVERSION = YES;
				CLANG_WARN_DIRECT_OBJC_ISA_USAGE = YES_ERROR;
				CLANG_WARN_DOCUMENTATION_COMMENTS = YES;
				CLANG_WARN_EMPTY_BODY = YES;
				CLANG_WARN_ENUM_CONVERSION = YES;
				CLANG_WARN_INFINITE_RECURSION = YES;
				CLANG_WARN_INT_CONVERSION = YES;
				CLANG_WARN_OBJC_ROOT_CLASS = YES_ERROR;
				CLANG_WARN_SUSPICIOUS_MOVE = YES;
				CLANG_WARN_UNREACHABLE_CODE = YES;
				CLANG_WARN__DUPLICATE_METHOD_MATCH = YES;
				"CODE_SIGN_IDENTITY[sdk=iphoneos*]" = "iPhone Developer";
				COPY_PHASE_STRIP = NO;
				DEBUG_INFORMATION_FORMAT = dwarf;
				ENABLE_STRICT_OBJC_MSGSEND = YES;
				ENABLE_TESTABILITY = YES;
				GCC_C_LANGUAGE_STANDARD = gnu99;
				GCC_DYNAMIC_NO_PIC = NO;
				GCC_NO_COMMON_BLOCKS = YES;
				GCC_OPTIMIZATION_LEVEL = 0;
				GCC_PREPROCESSOR_DEFINITIONS = (
					"DEBUG=1",
					"$(inherited)",
				);
				GCC_WARN_64_TO_32_BIT_CONVERSION = YES;
				GCC_WARN_ABOUT_RETURN_TYPE = YES_ERROR;
				GCC_WARN_UNDECLARED_SELECTOR = YES;
				GCC_WARN_UNINITIALIZED_AUTOS = YES_AGGRESSIVE;
				GCC_WARN_UNUSED_FUNCTION = YES;
				GCC_WARN_UNUSED_VARIABLE = YES;
				IPHONEOS_DEPLOYMENT_TARGET = 10.2;
				MTL_ENABLE_DEBUG_INFO = YES;
				ONLY_ACTIVE_ARCH = YES;
				SDKROOT = iphoneos;
				TARGETED_DEVICE_FAMILY = "1,2";
			};
			name = Debug;
		};
		12EFD2F91E15F57400020B59 /* Release */ = {
			isa = XCBuildConfiguration;
			buildSettings = {
				ALWAYS_SEARCH_USER_PATHS = NO;
				CLANG_ANALYZER_NONNULL = YES;
				CLANG_CXX_LANGUAGE_STANDARD = "gnu++0x";
				CLANG_CXX_LIBRARY = "libc++";
				CLANG_ENABLE_MODULES = YES;
				CLANG_ENABLE_OBJC_ARC = YES;
				CLANG_WARN_BOOL_CONVERSION = YES;
				CLANG_WARN_CONSTANT_CONVERSION = YES;
				CLANG_WARN_DIRECT_OBJC_ISA_USAGE = YES_ERROR;
				CLANG_WARN_DOCUMENTATION_COMMENTS = YES;
				CLANG_WARN_EMPTY_BODY = YES;
				CLANG_WARN_ENUM_CONVERSION = YES;
				CLANG_WARN_INFINITE_RECURSION = YES;
				CLANG_WARN_INT_CONVERSION = YES;
				CLANG_WARN_OBJC_ROOT_CLASS = YES_ERROR;
				CLANG_WARN_SUSPICIOUS_MOVE = YES;
				CLANG_WARN_UNREACHABLE_CODE = YES;
				CLANG_WARN__DUPLICATE_METHOD_MATCH = YES;
				"CODE_SIGN_IDENTITY[sdk=iphoneos*]" = "iPhone Developer";
				COPY_PHASE_STRIP = NO;
				DEBUG_INFORMATION_FORMAT = "dwarf-with-dsym";
				ENABLE_NS_ASSERTIONS = NO;
				ENABLE_STRICT_OBJC_MSGSEND = YES;
				GCC_C_LANGUAGE_STANDARD = gnu99;
				GCC_NO_COMMON_BLOCKS = YES;
				GCC_WARN_64_TO_32_BIT_CONVERSION = YES;
				GCC_WARN_ABOUT_RETURN_TYPE = YES_ERROR;
				GCC_WARN_UNDECLARED_SELECTOR = YES;
				GCC_WARN_UNINITIALIZED_AUTOS = YES_AGGRESSIVE;
				GCC_WARN_UNUSED_FUNCTION = YES;
				GCC_WARN_UNUSED_VARIABLE = YES;
				IPHONEOS_DEPLOYMENT_TARGET = 10.2;
				MTL_ENABLE_DEBUG_INFO = NO;
				SDKROOT = iphoneos;
				TARGETED_DEVICE_FAMILY = "1,2";
				VALIDATE_PRODUCT = YES;
			};
			name = Release;
		};
		12EFD2FB1E15F57400020B59 /* Debug */ = {
			isa = XCBuildConfiguration;
			baseConfigurationReference = F2D3E532D2F804F3A6373E6A /* Pods-DD.debug.xcconfig */;
			buildSettings = {
				ASSETCATALOG_COMPILER_APPICON_NAME = AppIcon;
				DEVELOPMENT_TEAM = T6R7E23BTG;
				INFOPLIST_FILE = DD/Info.plist;
				LD_RUNPATH_SEARCH_PATHS = "$(inherited) @executable_path/Frameworks";
				PRODUCT_BUNDLE_IDENTIFIER = com.googosoft.DD;
				PRODUCT_NAME = "$(TARGET_NAME)";
			};
			name = Debug;
		};
		12EFD2FC1E15F57400020B59 /* Release */ = {
			isa = XCBuildConfiguration;
			baseConfigurationReference = F30076D75DEF55EC1D023559 /* Pods-DD.release.xcconfig */;
			buildSettings = {
				ASSETCATALOG_COMPILER_APPICON_NAME = AppIcon;
				DEVELOPMENT_TEAM = T6R7E23BTG;
				INFOPLIST_FILE = DD/Info.plist;
				LD_RUNPATH_SEARCH_PATHS = "$(inherited) @executable_path/Frameworks";
				PRODUCT_BUNDLE_IDENTIFIER = com.googosoft.DD;
				PRODUCT_NAME = "$(TARGET_NAME)";
			};
			name = Release;
		};
/* End XCBuildConfiguration section */

/* Begin XCConfigurationList section */
		12EFD2DE1E15F57400020B59 /* Build configuration list for PBXProject "DD" */ = {
			isa = XCConfigurationList;
			buildConfigurations = (
				12EFD2F81E15F57400020B59 /* Debug */,
				12EFD2F91E15F57400020B59 /* Release */,
			);
			defaultConfigurationIsVisible = 0;
			defaultConfigurationName = Release;
		};
		12EFD2FA1E15F57400020B59 /* Build configuration list for PBXNativeTarget "DD" */ = {
			isa = XCConfigurationList;
			buildConfigurations = (
				12EFD2FB1E15F57400020B59 /* Debug */,
				12EFD2FC1E15F57400020B59 /* Release */,
			);
			defaultConfigurationIsVisible = 0;
			defaultConfigurationName = Release;
		};
/* End XCConfigurationList section */
	};
	rootObject = 12EFD2DB1E15F57400020B59 /* Project object */;
}
